
Microsoft Visual Studio Solution File, Format Version 12.00
# Visual Studio Version 16
VisualStudioVersion = 16.0.30104.148
MinimumVisualStudioVersion = 10.0.40219.1
Project("{FAE04EC0-301F-11D3-BF4B-00C04F79EFBC}") = "LinuxTest", "LinuxTest.csproj", "{3D9C60B0-5861-4EE2-B0CF-14125D11A924}"
EndProject
Global
	GlobalSection(SolutionConfigurationPlatforms) = preSolution
		Debug|Any CPU = Debug|Any CPU
		Release|Any CPU = Release|Any CPU
	EndGlobalSection
	GlobalSection(ProjectConfigurationPlatforms) = postSolution
		{3D9C60B0-5861-4EE2-B0CF-14125D11A924}.Debug|Any CPU.ActiveCfg = Debug|Any CPU
		{3D9C60B0-5861-4EE2-B0CF-14125D11A924}.Debug|Any CPU.Build.0 = Debug|Any CPU
		{3D9C60B0-5861-4EE2-B0CF-14125D11A924}.Release|Any CPU.ActiveCfg = Release|Any CPU
		{3D9C60B0-5861-4EE2-B0CF-14125D11A924}.Release|Any CPU.Build.0 = Release|Any CPU
	EndGlobalSection
	GlobalSection(SolutionProperties) = preSolution
		HideSolutionNode = FALSE
	EndGlobalSection
	GlobalSection(ExtensibilityGlobals) = postSolution
		SolutionGuid = {1DAAE2F3-0421-4E64-B626-9ED82D47A07B}
	EndGlobalSection
EndGlobal
